
Microsoft Visual Studio Solution File, Format Version 12.00
# Visual Studio 15
VisualStudioVersion = 15.0.27004.2006
MinimumVisualStudioVersion = 10.0.40219.1
Project("{888888A0-9F3D-457C-B088-3A5042F75D52}") = "WeiwuUtility", "WeiwuUtility\WeiwuUtility.pyproj", "{61D525E5-7BFC-4924-9C3F-8FD6A7F9F88B}"
EndProject
Project("{888888A0-9F3D-457C-B088-3A5042F75D52}") = "cnn-text-classification-tf", "cnn-text-classification-tf\cnn-text-classification-tf.pyproj", "{FCF17B3B-2F2C-41DC-A296-D785A1B47B86}"
EndProject
Project("{888888A0-9F3D-457C-B088-3A5042F75D52}") = "EntityCategorization", "EntityCategorization\EntityCategorization.pyproj", "{0536FD96-D729-4D10-A37A-F687B19E7C9E}"
EndProject
Project("{888888A0-9F3D-457C-B088-3A5042F75D52}") = "BeautyFormula", "BeautyFormula\BeautyFormula.pyproj", "{FC209460-DA12-4437-B2A7-A1A2CFE0C22E}"
EndProject
Global
	GlobalSection(SolutionConfigurationPlatforms) = preSolution
		Debug|Any CPU = Debug|Any CPU
		Release|Any CPU = Release|Any CPU
	EndGlobalSection
	GlobalSection(ProjectConfigurationPlatforms) = postSolution
		{61D525E5-7BFC-4924-9C3F-8FD6A7F9F88B}.Debug|Any CPU.ActiveCfg = Debug|Any CPU
		{61D525E5-7BFC-4924-9C3F-8FD6A7F9F88B}.Release|Any CPU.ActiveCfg = Release|Any CPU
		{FCF17B3B-2F2C-41DC-A296-D785A1B47B86}.Debug|Any CPU.ActiveCfg = Debug|Any CPU
		{FCF17B3B-2F2C-41DC-A296-D785A1B47B86}.Release|Any CPU.ActiveCfg = Release|Any CPU
		{0536FD96-D729-4D10-A37A-F687B19E7C9E}.Debug|Any CPU.ActiveCfg = Debug|Any CPU
		{0536FD96-D729-4D10-A37A-F687B19E7C9E}.Release|Any CPU.ActiveCfg = Release|Any CPU
		{FC209460-DA12-4437-B2A7-A1A2CFE0C22E}.Debug|Any CPU.ActiveCfg = Debug|Any CPU
		{FC209460-DA12-4437-B2A7-A1A2CFE0C22E}.Release|Any CPU.ActiveCfg = Release|Any CPU
	EndGlobalSection
	GlobalSection(SolutionProperties) = preSolution
		HideSolutionNode = FALSE
	EndGlobalSection
	GlobalSection(ExtensibilityGlobals) = postSolution
		SolutionGuid = {7199F905-61CC-4106-ACF4-4DD8133F2792}
	EndGlobalSection
EndGlobal
